// !$*UTF8*$!
{
	archiveVersion = 1;
	classes = {
	};
	objectVersion = 50;
	objects = {

/* Begin PBXBuildFile section */
		16DC381A83EA1AA8EF7679C5 /* Pods_meridian_swift.framework in Frameworks */ = {isa = PBXBuildFile; fileRef = FA1647EF20A3619055C78D0F /* Pods_meridian_swift.framework */; };
		D222753E228F6632007B6CB6 /* CampaignController.swift in Sources */ = {isa = PBXBuildFile; fileRef = D222753D228F6632007B6CB6 /* CampaignController.swift */; };
		D222754122A70999007B6CB6 /* CampaignToggleButton.swift in Sources */ = {isa = PBXBuildFile; fileRef = D222754022A70999007B6CB6 /* CampaignToggleButton.swift */; };
		D222754322A70A0D007B6CB6 /* Constants.swift in Sources */ = {isa = PBXBuildFile; fileRef = D222754222A70A0D007B6CB6 /* Constants.swift */; };
		D222754722AF2D5E007B6CB6 /* TabBarViewController.swift in Sources */ = {isa = PBXBuildFile; fileRef = D222754622AF2D5E007B6CB6 /* TabBarViewController.swift */; };
		D23622CC2255594100489097 /* beacon.png in Resources */ = {isa = PBXBuildFile; fileRef = D23622CB2255594100489097 /* beacon.png */; };
		D23622CE2255610200489097 /* beacon_2.png in Resources */ = {isa = PBXBuildFile; fileRef = D23622CD2255610200489097 /* beacon_2.png */; };
		D23622D2225C149A00489097 /* sky2.png in Resources */ = {isa = PBXBuildFile; fileRef = D23622D1225C149A00489097 /* sky2.png */; };
		D23622D4225C1ABB00489097 /* MeridianCollectionViewController.swift in Sources */ = {isa = PBXBuildFile; fileRef = D23622D3225C1ABB00489097 /* MeridianCollectionViewController.swift */; };
		D23B134320F42E75001AB9C4 /* AppDelegate.swift in Sources */ = {isa = PBXBuildFile; fileRef = D23B134220F42E75001AB9C4 /* AppDelegate.swift */; };
		D23B134820F42E75001AB9C4 /* Main.storyboard in Resources */ = {isa = PBXBuildFile; fileRef = D23B134620F42E75001AB9C4 /* Main.storyboard */; };
		D23B134A20F42E77001AB9C4 /* Assets.xcassets in Resources */ = {isa = PBXBuildFile; fileRef = D23B134920F42E77001AB9C4 /* Assets.xcassets */; };
		D23B134D20F42E77001AB9C4 /* LaunchScreen.storyboard in Resources */ = {isa = PBXBuildFile; fileRef = D23B134B20F42E77001AB9C4 /* LaunchScreen.storyboard */; };
		D23B135520F43242001AB9C4 /* App_Map_ID.swift in Sources */ = {isa = PBXBuildFile; fileRef = D23B135420F43242001AB9C4 /* App_Map_ID.swift */; };
		D2A2DE36217A65BA00326D54 /* TableViewController.swift in Sources */ = {isa = PBXBuildFile; fileRef = D2A2DE35217A65BA00326D54 /* TableViewController.swift */; };
		D2A45F54211D1DEF00A75C99 /* MapViewController.swift in Sources */ = {isa = PBXBuildFile; fileRef = D2A45F53211D1DEF00A75C99 /* MapViewController.swift */; };
/* End PBXBuildFile section */

/* Begin PBXFileReference section */
		11420A73A7CBECBE18227B73 /* Pods-meridian-swift.debug.xcconfig */ = {isa = PBXFileReference; includeInIndex = 1; lastKnownFileType = text.xcconfig; name = "Pods-meridian-swift.debug.xcconfig"; path = "Target Support Files/Pods-meridian-swift/Pods-meridian-swift.debug.xcconfig"; sourceTree = "<group>"; };
		27518DA621FD4D91930AB683 /* Pods-meridian-swift.release.xcconfig */ = {isa = PBXFileReference; includeInIndex = 1; lastKnownFileType = text.xcconfig; name = "Pods-meridian-swift.release.xcconfig"; path = "Target Support Files/Pods-meridian-swift/Pods-meridian-swift.release.xcconfig"; sourceTree = "<group>"; };
		D222753D228F6632007B6CB6 /* CampaignController.swift */ = {isa = PBXFileReference; lastKnownFileType = sourcecode.swift; path = CampaignController.swift; sourceTree = "<group>"; };
		D222754022A70999007B6CB6 /* CampaignToggleButton.swift */ = {isa = PBXFileReference; lastKnownFileType = sourcecode.swift; path = CampaignToggleButton.swift; sourceTree = "<group>"; };
		D222754222A70A0D007B6CB6 /* Constants.swift */ = {isa = PBXFileReference; lastKnownFileType = sourcecode.swift; path = Constants.swift; sourceTree = "<group>"; };
		D222754622AF2D5E007B6CB6 /* TabBarViewController.swift */ = {isa = PBXFileReference; lastKnownFileType = sourcecode.swift; path = TabBarViewController.swift; sourceTree = "<group>"; };
		D23622CB2255594100489097 /* beacon.png */ = {isa = PBXFileReference; lastKnownFileType = image.png; name = beacon.png; path = ../../../../../../beacon.png; sourceTree = "<group>"; };
		D23622CD2255610200489097 /* beacon_2.png */ = {isa = PBXFileReference; lastKnownFileType = image.png; name = beacon_2.png; path = ../../../../../../beacon_2.png; sourceTree = "<group>"; };
		D23622D1225C149A00489097 /* sky2.png */ = {isa = PBXFileReference; lastKnownFileType = image.png; name = sky2.png; path = ../../../../../../sky2.png; sourceTree = "<group>"; };
		D23622D3225C1ABB00489097 /* MeridianCollectionViewController.swift */ = {isa = PBXFileReference; lastKnownFileType = sourcecode.swift; path = MeridianCollectionViewController.swift; sourceTree = "<group>"; };
		D23B133F20F42E75001AB9C4 /* meridian-swift.app */ = {isa = PBXFileReference; explicitFileType = wrapper.application; includeInIndex = 0; path = "meridian-swift.app"; sourceTree = BUILT_PRODUCTS_DIR; };
		D23B134220F42E75001AB9C4 /* AppDelegate.swift */ = {isa = PBXFileReference; lastKnownFileType = sourcecode.swift; path = AppDelegate.swift; sourceTree = "<group>"; };
		D23B134720F42E75001AB9C4 /* Base */ = {isa = PBXFileReference; lastKnownFileType = file.storyboard; name = Base; path = Base.lproj/Main.storyboard; sourceTree = "<group>"; };
		D23B134920F42E77001AB9C4 /* Assets.xcassets */ = {isa = PBXFileReference; lastKnownFileType = folder.assetcatalog; path = Assets.xcassets; sourceTree = "<group>"; };
		D23B134C20F42E77001AB9C4 /* Base */ = {isa = PBXFileReference; lastKnownFileType = file.storyboard; name = Base; path = Base.lproj/LaunchScreen.storyboard; sourceTree = "<group>"; };
		D23B134E20F42E77001AB9C4 /* Info.plist */ = {isa = PBXFileReference; lastKnownFileType = text.plist.xml; path = Info.plist; sourceTree = "<group>"; };
		D23B135420F43242001AB9C4 /* App_Map_ID.swift */ = {isa = PBXFileReference; lastKnownFileType = sourcecode.swift; path = App_Map_ID.swift; sourceTree = "<group>"; };
		D2A2DE35217A65BA00326D54 /* TableViewController.swift */ = {isa = PBXFileReference; lastKnownFileType = sourcecode.swift; path = TableViewController.swift; sourceTree = "<group>"; };
		D2A45F53211D1DEF00A75C99 /* MapViewController.swift */ = {isa = PBXFileReference; lastKnownFileType = sourcecode.swift; path = MapViewController.swift; sourceTree = "<group>"; };
		FA1647EF20A3619055C78D0F /* Pods_meridian_swift.framework */ = {isa = PBXFileReference; explicitFileType = wrapper.framework; includeInIndex = 0; path = Pods_meridian_swift.framework; sourceTree = BUILT_PRODUCTS_DIR; };
/* End PBXFileReference section */

/* Begin PBXFrameworksBuildPhase section */
		D23B133C20F42E75001AB9C4 /* Frameworks */ = {
			isa = PBXFrameworksBuildPhase;
			buildActionMask = 2147483647;
			files = (
				16DC381A83EA1AA8EF7679C5 /* Pods_meridian_swift.framework in Frameworks */,
			);
			runOnlyForDeploymentPostprocessing = 0;
		};
/* End PBXFrameworksBuildPhase section */

/* Begin PBXGroup section */
		64AAC33C2497142AA3DD8106 /* Pods */ = {
			isa = PBXGroup;
			children = (
				11420A73A7CBECBE18227B73 /* Pods-meridian-swift.debug.xcconfig */,
				27518DA621FD4D91930AB683 /* Pods-meridian-swift.release.xcconfig */,
			);
			path = Pods;
			sourceTree = "<group>";
		};
		D222753F22A7095C007B6CB6 /* Subclasses */ = {
			isa = PBXGroup;
			children = (
				D222754022A70999007B6CB6 /* CampaignToggleButton.swift */,
			);
			path = Subclasses;
			sourceTree = "<group>";
		};
		D23B133620F42E75001AB9C4 = {
			isa = PBXGroup;
			children = (
				D23B134120F42E75001AB9C4 /* meridian-swift */,
				D23B134020F42E75001AB9C4 /* Products */,
				64AAC33C2497142AA3DD8106 /* Pods */,
				DCEA91FB26B493626D217252 /* Frameworks */,
			);
			sourceTree = "<group>";
		};
		D23B134020F42E75001AB9C4 /* Products */ = {
			isa = PBXGroup;
			children = (
				D23B133F20F42E75001AB9C4 /* meridian-swift.app */,
			);
			name = Products;
			sourceTree = "<group>";
		};
		D23B134120F42E75001AB9C4 /* meridian-swift */ = {
			isa = PBXGroup;
			children = (
				D222753F22A7095C007B6CB6 /* Subclasses */,
				D23622CD2255610200489097 /* beacon_2.png */,
				D23622D1225C149A00489097 /* sky2.png */,
				D23622CB2255594100489097 /* beacon.png */,
				D23B135420F43242001AB9C4 /* App_Map_ID.swift */,
				D2A2DE35217A65BA00326D54 /* TableViewController.swift */,
				D222754622AF2D5E007B6CB6 /* TabBarViewController.swift */,
				D2A45F53211D1DEF00A75C99 /* MapViewController.swift */,
				D23B134220F42E75001AB9C4 /* AppDelegate.swift */,
				D23B134B20F42E77001AB9C4 /* LaunchScreen.storyboard */,
				D23B134620F42E75001AB9C4 /* Main.storyboard */,
				D222753D228F6632007B6CB6 /* CampaignController.swift */,
				D23622D3225C1ABB00489097 /* MeridianCollectionViewController.swift */,
				D23B134920F42E77001AB9C4 /* Assets.xcassets */,
				D23B134E20F42E77001AB9C4 /* Info.plist */,
				D222754222A70A0D007B6CB6 /* Constants.swift */,
			);
			path = "meridian-swift";
			sourceTree = "<group>";
		};
		DCEA91FB26B493626D217252 /* Frameworks */ = {
			isa = PBXGroup;
			children = (
				FA1647EF20A3619055C78D0F /* Pods_meridian_swift.framework */,
			);
			name = Frameworks;
			sourceTree = "<group>";
		};
/* End PBXGroup section */

/* Begin PBXNativeTarget section */
		D23B133E20F42E75001AB9C4 /* meridian-swift */ = {
			isa = PBXNativeTarget;
			buildConfigurationList = D23B135120F42E77001AB9C4 /* Build configuration list for PBXNativeTarget "meridian-swift" */;
			buildPhases = (
				1735090E672B74A674088D8C /* [CP] Check Pods Manifest.lock */,
				D23B133B20F42E75001AB9C4 /* Sources */,
				D23B133C20F42E75001AB9C4 /* Frameworks */,
				D23B133D20F42E75001AB9C4 /* Resources */,
				6A6703005A128927513CA985 /* [CP] Embed Pods Frameworks */,
			);
			buildRules = (
			);
			dependencies = (
			);
			name = "meridian-swift";
			productName = "meridian-swift";
			productReference = D23B133F20F42E75001AB9C4 /* meridian-swift.app */;
			productType = "com.apple.product-type.application";
		};
/* End PBXNativeTarget section */

/* Begin PBXProject section */
		D23B133720F42E75001AB9C4 /* Project object */ = {
			isa = PBXProject;
			attributes = {
				LastSwiftUpdateCheck = 0940;
				LastUpgradeCheck = 0940;
				ORGANIZATIONNAME = tyfrith;
				TargetAttributes = {
					D23B133E20F42E75001AB9C4 = {
						CreatedOnToolsVersion = 9.4.1;
					};
				};
			};
			buildConfigurationList = D23B133A20F42E75001AB9C4 /* Build configuration list for PBXProject "meridian-swift" */;
			compatibilityVersion = "Xcode 9.3";
			developmentRegion = en;
			hasScannedForEncodings = 0;
			knownRegions = (
				en,
				Base,
			);
			mainGroup = D23B133620F42E75001AB9C4;
			productRefGroup = D23B134020F42E75001AB9C4 /* Products */;
			projectDirPath = "";
			projectRoot = "";
			targets = (
				D23B133E20F42E75001AB9C4 /* meridian-swift */,
			);
		};
/* End PBXProject section */

/* Begin PBXResourcesBuildPhase section */
		D23B133D20F42E75001AB9C4 /* Resources */ = {
			isa = PBXResourcesBuildPhase;
			buildActionMask = 2147483647;
			files = (
				D23622D2225C149A00489097 /* sky2.png in Resources */,
				D23B134D20F42E77001AB9C4 /* LaunchScreen.storyboard in Resources */,
				D23622CC2255594100489097 /* beacon.png in Resources */,
				D23622CE2255610200489097 /* beacon_2.png in Resources */,
				D23B134A20F42E77001AB9C4 /* Assets.xcassets in Resources */,
				D23B134820F42E75001AB9C4 /* Main.storyboard in Resources */,
			);
			runOnlyForDeploymentPostprocessing = 0;
		};
/* End PBXResourcesBuildPhase section */

/* Begin PBXShellScriptBuildPhase section */
		1735090E672B74A674088D8C /* [CP] Check Pods Manifest.lock */ = {
			isa = PBXShellScriptBuildPhase;
			buildActionMask = 2147483647;
			files = (
			);
			inputFileListPaths = (
			);
			inputPaths = (
				"${PODS_PODFILE_DIR_PATH}/Podfile.lock",
				"${PODS_ROOT}/Manifest.lock",
			);
			name = "[CP] Check Pods Manifest.lock";
			outputFileListPaths = (
			);
			outputPaths = (
				"$(DERIVED_FILE_DIR)/Pods-meridian-swift-checkManifestLockResult.txt",
			);
			runOnlyForDeploymentPostprocessing = 0;
			shellPath = /bin/sh;
			shellScript = "diff \"${PODS_PODFILE_DIR_PATH}/Podfile.lock\" \"${PODS_ROOT}/Manifest.lock\" > /dev/null\nif [ $? != 0 ] ; then\n    # print error to STDERR\n    echo \"error: The sandbox is not in sync with the Podfile.lock. Run 'pod install' or update your CocoaPods installation.\" >&2\n    exit 1\nfi\n# This output is used by Xcode 'outputs' to avoid re-running this script phase.\necho \"SUCCESS\" > \"${SCRIPT_OUTPUT_FILE_0}\"\n";
			showEnvVarsInLog = 0;
		};
		6A6703005A128927513CA985 /* [CP] Embed Pods Frameworks */ = {
			isa = PBXShellScriptBuildPhase;
			buildActionMask = 2147483647;
			files = (
			);
			inputFileListPaths = (
			);
			inputPaths = (
				"${PODS_ROOT}/Target Support Files/Pods-meridian-swift/Pods-meridian-swift-frameworks.sh",
				"${PODS_ROOT}/MeridianSDK/Meridian.framework",
				"${BUILT_PRODUCTS_DIR}/NVActivityIndicatorView/NVActivityIndicatorView.framework",
			);
			name = "[CP] Embed Pods Frameworks";
			outputFileListPaths = (
			);
			outputPaths = (
				"${TARGET_BUILD_DIR}/${FRAMEWORKS_FOLDER_PATH}/Meridian.framework",
				"${TARGET_BUILD_DIR}/${FRAMEWORKS_FOLDER_PATH}/NVActivityIndicatorView.framework",
			);
			runOnlyForDeploymentPostprocessing = 0;
			shellPath = /bin/sh;
			shellScript = "\"${PODS_ROOT}/Target Support Files/Pods-meridian-swift/Pods-meridian-swift-frameworks.sh\"\n";
			showEnvVarsInLog = 0;
		};
/* End PBXShellScriptBuildPhase section */

/* Begin PBXSourcesBuildPhase section */
		D23B133B20F42E75001AB9C4 /* Sources */ = {
			isa = PBXSourcesBuildPhase;
			buildActionMask = 2147483647;
			files = (
				D23622D4225C1ABB00489097 /* MeridianCollectionViewController.swift in Sources */,
				D23B135520F43242001AB9C4 /* App_Map_ID.swift in Sources */,
				D222754122A70999007B6CB6 /* CampaignToggleButton.swift in Sources */,
				D23B134320F42E75001AB9C4 /* AppDelegate.swift in Sources */,
				D222754722AF2D5E007B6CB6 /* TabBarViewController.swift in Sources */,
				D2A45F54211D1DEF00A75C99 /* MapViewController.swift in Sources */,
				D2A2DE36217A65BA00326D54 /* TableViewController.swift in Sources */,
				D222753E228F6632007B6CB6 /* CampaignController.swift in Sources */,
				D222754322A70A0D007B6CB6 /* Constants.swift in Sources */,
			);
			runOnlyForDeploymentPostprocessing = 0;
		};
/* End PBXSourcesBuildPhase section */

/* Begin PBXVariantGroup section */
		D23B134620F42E75001AB9C4 /* Main.storyboard */ = {
			isa = PBXVariantGroup;
			children = (
				D23B134720F42E75001AB9C4 /* Base */,
			);
			name = Main.storyboard;
			sourceTree = "<group>";
		};
		D23B134B20F42E77001AB9C4 /* LaunchScreen.storyboard */ = {
			isa = PBXVariantGroup;
			children = (
				D23B134C20F42E77001AB9C4 /* Base */,
			);
			name = LaunchScreen.storyboard;
			sourceTree = "<group>";
		};
/* End PBXVariantGroup section */

/* Begin XCBuildConfiguration section */
		D23B134F20F42E77001AB9C4 /* Debug */ = {
			isa = XCBuildConfiguration;
			buildSettings = {
				ALWAYS_SEARCH_USER_PATHS = NO;
				CLANG_ANALYZER_NONNULL = YES;
				CLANG_ANALYZER_NUMBER_OBJECT_CONVERSION = YES_AGGRESSIVE;
				CLANG_CXX_LANGUAGE_STANDARD = "gnu++14";
				CLANG_CXX_LIBRARY = "libc++";
				CLANG_ENABLE_MODULES = YES;
				CLANG_ENABLE_OBJC_ARC = YES;
				CLANG_ENABLE_OBJC_WEAK = YES;
				CLANG_WARN_BLOCK_CAPTURE_AUTORELEASING = YES;
				CLANG_WARN_BOOL_CONVERSION = YES;
				CLANG_WARN_COMMA = YES;
				CLANG_WARN_CONSTANT_CONVERSION = YES;
				CLANG_WARN_DEPRECATED_OBJC_IMPLEMENTATIONS = YES;
				CLANG_WARN_DIRECT_OBJC_ISA_USAGE = YES_ERROR;
				CLANG_WARN_DOCUMENTATION_COMMENTS = YES;
				CLANG_WARN_EMPTY_BODY = YES;
				CLANG_WARN_ENUM_CONVERSION = YES;
				CLANG_WARN_INFINITE_RECURSION = YES;
				CLANG_WARN_INT_CONVERSION = YES;
				CLANG_WARN_NON_LITERAL_NULL_CONVERSION = YES;
				CLANG_WARN_OBJC_IMPLICIT_RETAIN_SELF = YES;
				CLANG_WARN_OBJC_LITERAL_CONVERSION = YES;
				CLANG_WARN_OBJC_ROOT_CLASS = YES_ERROR;
				CLANG_WARN_RANGE_LOOP_ANALYSIS = YES;
				CLANG_WARN_STRICT_PROTOTYPES = YES;
				CLANG_WARN_SUSPICIOUS_MOVE = YES;
				CLANG_WARN_UNGUARDED_AVAILABILITY = YES_AGGRESSIVE;
				CLANG_WARN_UNREACHABLE_CODE = YES;
				CLANG_WARN__DUPLICATE_METHOD_MATCH = YES;
				CODE_SIGN_IDENTITY = "iPhone Developer";
				COPY_PHASE_STRIP = NO;
				DEBUG_INFORMATION_FORMAT = dwarf;
				ENABLE_STRICT_OBJC_MSGSEND = YES;
				ENABLE_TESTABILITY = YES;
				GCC_C_LANGUAGE_STANDARD = gnu11;
				GCC_DYNAMIC_NO_PIC = NO;
				GCC_NO_COMMON_BLOCKS = YES;
				GCC_OPTIMIZATION_LEVEL = 0;
				GCC_PREPROCESSOR_DEFINITIONS = (
					"DEBUG=1",
					"$(inherited)",
				);
				GCC_WARN_64_TO_32_BIT_CONVERSION = YES;
				GCC_WARN_ABOUT_RETURN_TYPE = YES_ERROR;
				GCC_WARN_UNDECLARED_SELECTOR = YES;
				GCC_WARN_UNINITIALIZED_AUTOS = YES_AGGRESSIVE;
				GCC_WARN_UNUSED_FUNCTION = YES;
				GCC_WARN_UNUSED_VARIABLE = YES;
				IPHONEOS_DEPLOYMENT_TARGET = 11.4;
				MTL_ENABLE_DEBUG_INFO = YES;
				ONLY_ACTIVE_ARCH = YES;
				SDKROOT = iphoneos;
				SWIFT_ACTIVE_COMPILATION_CONDITIONS = DEBUG;
				SWIFT_OPTIMIZATION_LEVEL = "-Onone";
			};
			name = Debug;
		};
		D23B135020F42E77001AB9C4 /* Release */ = {
			isa = XCBuildConfiguration;
			buildSettings = {
				ALWAYS_SEARCH_USER_PATHS = NO;
				CLANG_ANALYZER_NONNULL = YES;
				CLANG_ANALYZER_NUMBER_OBJECT_CONVERSION = YES_AGGRESSIVE;
				CLANG_CXX_LANGUAGE_STANDARD = "gnu++14";
				CLANG_CXX_LIBRARY = "libc++";
				CLANG_ENABLE_MODULES = YES;
				CLANG_ENABLE_OBJC_ARC = YES;
				CLANG_ENABLE_OBJC_WEAK = YES;
				CLANG_WARN_BLOCK_CAPTURE_AUTORELEASING = YES;
				CLANG_WARN_BOOL_CONVERSION = YES;
				CLANG_WARN_COMMA = YES;
				CLANG_WARN_CONSTANT_CONVERSION = YES;
				CLANG_WARN_DEPRECATED_OBJC_IMPLEMENTATIONS = YES;
				CLANG_WARN_DIRECT_OBJC_ISA_USAGE = YES_ERROR;
				CLANG_WARN_DOCUMENTATION_COMMENTS = YES;
				CLANG_WARN_EMPTY_BODY = YES;
				CLANG_WARN_ENUM_CONVERSION = YES;
				CLANG_WARN_INFINITE_RECURSION = YES;
				CLANG_WARN_INT_CONVERSION = YES;
				CLANG_WARN_NON_LITERAL_NULL_CONVERSION = YES;
				CLANG_WARN_OBJC_IMPLICIT_RETAIN_SELF = YES;
				CLANG_WARN_OBJC_LITERAL_CONVERSION = YES;
				CLANG_WARN_OBJC_ROOT_CLASS = YES_ERROR;
				CLANG_WARN_RANGE_LOOP_ANALYSIS = YES;
				CLANG_WARN_STRICT_PROTOTYPES = YES;
				CLANG_WARN_SUSPICIOUS_MOVE = YES;
				CLANG_WARN_UNGUARDED_AVAILABILITY = YES_AGGRESSIVE;
				CLANG_WARN_UNREACHABLE_CODE = YES;
				CLANG_WARN__DUPLICATE_METHOD_MATCH = YES;
				CODE_SIGN_IDENTITY = "iPhone Developer";
				COPY_PHASE_STRIP = NO;
				DEBUG_INFORMATION_FORMAT = "dwarf-with-dsym";
				ENABLE_NS_ASSERTIONS = NO;
				ENABLE_STRICT_OBJC_MSGSEND = YES;
				GCC_C_LANGUAGE_STANDARD = gnu11;
				GCC_NO_COMMON_BLOCKS = YES;
				GCC_WARN_64_TO_32_BIT_CONVERSION = YES;
				GCC_WARN_ABOUT_RETURN_TYPE = YES_ERROR;
				GCC_WARN_UNDECLARED_SELECTOR = YES;
				GCC_WARN_UNINITIALIZED_AUTOS = YES_AGGRESSIVE;
				GCC_WARN_UNUSED_FUNCTION = YES;
				GCC_WARN_UNUSED_VARIABLE = YES;
				IPHONEOS_DEPLOYMENT_TARGET = 11.4;
				MTL_ENABLE_DEBUG_INFO = NO;
				SDKROOT = iphoneos;
				SWIFT_COMPILATION_MODE = wholemodule;
				SWIFT_OPTIMIZATION_LEVEL = "-O";
				VALIDATE_PRODUCT = YES;
			};
			name = Release;
		};
		D23B135220F42E77001AB9C4 /* Debug */ = {
			isa = XCBuildConfiguration;
			baseConfigurationReference = 11420A73A7CBECBE18227B73 /* Pods-meridian-swift.debug.xcconfig */;
			buildSettings = {
				ASSETCATALOG_COMPILER_APPICON_NAME = AppIcon;
				CODE_SIGN_STYLE = Automatic;
				DEVELOPMENT_TEAM = 6DM3LM6ZH6;
				INFOPLIST_FILE = "meridian-swift/Info.plist";
				IPHONEOS_DEPLOYMENT_TARGET = 11.0;
				LD_RUNPATH_SEARCH_PATHS = (
					"$(inherited)",
					"@executable_path/Frameworks",
				);
				PRODUCT_BUNDLE_IDENTIFIER = "tyfrith.meridian-swift";
				PRODUCT_NAME = "$(TARGET_NAME)";
				SWIFT_VERSION = 4.0;
				TARGETED_DEVICE_FAMILY = "1,2";
			};
			name = Debug;
		};
		D23B135320F42E77001AB9C4 /* Release */ = {
			isa = XCBuildConfiguration;
			baseConfigurationReference = 27518DA621FD4D91930AB683 /* Pods-meridian-swift.release.xcconfig */;
			buildSettings = {
				ASSETCATALOG_COMPILER_APPICON_NAME = AppIcon;
				CODE_SIGN_STYLE = Automatic;
				DEVELOPMENT_TEAM = 6DM3LM6ZH6;
				INFOPLIST_FILE = "meridian-swift/Info.plist";
				IPHONEOS_DEPLOYMENT_TARGET = 11.0;
				LD_RUNPATH_SEARCH_PATHS = (
					"$(inherited)",
					"@executable_path/Frameworks",
				);
				PRODUCT_BUNDLE_IDENTIFIER = "tyfrith.meridian-swift";
				PRODUCT_NAME = "$(TARGET_NAME)";
				SWIFT_VERSION = 4.0;
				TARGETED_DEVICE_FAMILY = "1,2";
			};
			name = Release;
		};
/* End XCBuildConfiguration section */

/* Begin XCConfigurationList section */
		D23B133A20F42E75001AB9C4 /* Build configuration list for PBXProject "meridian-swift" */ = {
			isa = XCConfigurationList;
			buildConfigurations = (
				D23B134F20F42E77001AB9C4 /* Debug */,
				D23B135020F42E77001AB9C4 /* Release */,
			);
			defaultConfigurationIsVisible = 0;
			defaultConfigurationName = Release;
		};
		D23B135120F42E77001AB9C4 /* Build configuration list for PBXNativeTarget "meridian-swift" */ = {
			isa = XCConfigurationList;
			buildConfigurations = (
				D23B135220F42E77001AB9C4 /* Debug */,
				D23B135320F42E77001AB9C4 /* Release */,
			);
			defaultConfigurationIsVisible = 0;
			defaultConfigurationName = Release;
		};
/* End XCConfigurationList section */
	};
	rootObject = D23B133720F42E75001AB9C4 /* Project object */;
}
